// !$*UTF8*$!
{
	archiveVersion = 1;
	classes = {
	};
	objectVersion = 51;
	objects = {

/* Begin PBXBuildFile section */
		141D5D9F253682E4001BC749 /* AppDelegate.swift in Sources */ = {isa = PBXBuildFile; fileRef = 141D5D9E253682E4001BC749 /* AppDelegate.swift */; };
		141D5DA1253682E4001BC749 /* SceneDelegate.swift in Sources */ = {isa = PBXBuildFile; fileRef = 141D5DA0253682E4001BC749 /* SceneDelegate.swift */; };
		141D5DA3253682E4001BC749 /* ViewController.swift in Sources */ = {isa = PBXBuildFile; fileRef = 141D5DA2253682E4001BC749 /* ViewController.swift */; };
		141D5DA6253682E4001BC749 /* Main.storyboard in Resources */ = {isa = PBXBuildFile; fileRef = 141D5DA4253682E4001BC749 /* Main.storyboard */; };
		141D5DA8253682E9001BC749 /* Assets.xcassets in Resources */ = {isa = PBXBuildFile; fileRef = 141D5DA7253682E9001BC749 /* Assets.xcassets */; };
		141D5DAB253682E9001BC749 /* LaunchScreen.storyboard in Resources */ = {isa = PBXBuildFile; fileRef = 141D5DA9253682E9001BC749 /* LaunchScreen.storyboard */; };
		872487F9255C9A1000635206 /* DateCell.swift in Sources */ = {isa = PBXBuildFile; fileRef = 872487F8255C9A1000635206 /* DateCell.swift */; };
		872D3D56254E77BB00B55533 /* Task.swift in Sources */ = {isa = PBXBuildFile; fileRef = 872D3D55254E77BB00B55533 /* Task.swift */; };
		872D3D58254E77EA00B55533 /* DBManager.swift in Sources */ = {isa = PBXBuildFile; fileRef = 872D3D57254E77EA00B55533 /* DBManager.swift */; };
		872D3D5B254E788B00B55533 /* libsqlite3.tbd in Frameworks */ = {isa = PBXBuildFile; fileRef = 872D3D5A254E788B00B55533 /* libsqlite3.tbd */; };
		872D3D5F254F5EE000B55533 /* ScheduleGenerator.swift in Sources */ = {isa = PBXBuildFile; fileRef = 872D3D5E254F5EE000B55533 /* ScheduleGenerator.swift */; };
		872D3D61254FA38100B55533 /* planit.sqlite in Resources */ = {isa = PBXBuildFile; fileRef = 872D3D60254FA38100B55533 /* planit.sqlite */; };
		873EB61925369EE800327BDC /* CalendarViewController.swift in Sources */ = {isa = PBXBuildFile; fileRef = 873EB61825369EE800327BDC /* CalendarViewController.swift */; };
		873EB61B2536B90900327BDC /* TaskViewController.swift in Sources */ = {isa = PBXBuildFile; fileRef = 873EB61A2536B90900327BDC /* TaskViewController.swift */; };
		B61F01E8A21970B8470F252E /* Pods_Planit.framework in Frameworks */ = {isa = PBXBuildFile; fileRef = 5BC99677DA06816BED75C167 /* Pods_Planit.framework */; };
/* End PBXBuildFile section */

/* Begin PBXFileReference section */
		141D5D9B253682E4001BC749 /* Planit.app */ = {isa = PBXFileReference; explicitFileType = wrapper.application; includeInIndex = 0; path = Planit.app; sourceTree = BUILT_PRODUCTS_DIR; };
		141D5D9E253682E4001BC749 /* AppDelegate.swift */ = {isa = PBXFileReference; lastKnownFileType = sourcecode.swift; path = AppDelegate.swift; sourceTree = "<group>"; };
		141D5DA0253682E4001BC749 /* SceneDelegate.swift */ = {isa = PBXFileReference; lastKnownFileType = sourcecode.swift; path = SceneDelegate.swift; sourceTree = "<group>"; };
		141D5DA2253682E4001BC749 /* ViewController.swift */ = {isa = PBXFileReference; lastKnownFileType = sourcecode.swift; path = ViewController.swift; sourceTree = "<group>"; };
		141D5DA5253682E4001BC749 /* Base */ = {isa = PBXFileReference; lastKnownFileType = file.storyboard; name = Base; path = Base.lproj/Main.storyboard; sourceTree = "<group>"; };
		141D5DA7253682E9001BC749 /* Assets.xcassets */ = {isa = PBXFileReference; lastKnownFileType = folder.assetcatalog; path = Assets.xcassets; sourceTree = "<group>"; };
		141D5DAA253682E9001BC749 /* Base */ = {isa = PBXFileReference; lastKnownFileType = file.storyboard; name = Base; path = Base.lproj/LaunchScreen.storyboard; sourceTree = "<group>"; };
		141D5DAC253682E9001BC749 /* Info.plist */ = {isa = PBXFileReference; lastKnownFileType = text.plist.xml; path = Info.plist; sourceTree = "<group>"; };
		5BC99677DA06816BED75C167 /* Pods_Planit.framework */ = {isa = PBXFileReference; explicitFileType = wrapper.framework; includeInIndex = 0; path = Pods_Planit.framework; sourceTree = BUILT_PRODUCTS_DIR; };
		6B014B7C46247D6F0F62CFB7 /* Pods-Planit.release.xcconfig */ = {isa = PBXFileReference; includeInIndex = 1; lastKnownFileType = text.xcconfig; name = "Pods-Planit.release.xcconfig"; path = "Target Support Files/Pods-Planit/Pods-Planit.release.xcconfig"; sourceTree = "<group>"; };
		872487F8255C9A1000635206 /* DateCell.swift */ = {isa = PBXFileReference; lastKnownFileType = sourcecode.swift; path = DateCell.swift; sourceTree = "<group>"; };
		872D3D55254E77BB00B55533 /* Task.swift */ = {isa = PBXFileReference; lastKnownFileType = sourcecode.swift; path = Task.swift; sourceTree = "<group>"; };
		872D3D57254E77EA00B55533 /* DBManager.swift */ = {isa = PBXFileReference; lastKnownFileType = sourcecode.swift; path = DBManager.swift; sourceTree = "<group>"; };
		872D3D59254E785700B55533 /* Bridging-Header.h */ = {isa = PBXFileReference; lastKnownFileType = sourcecode.c.h; path = "Bridging-Header.h"; sourceTree = "<group>"; };
		872D3D5A254E788B00B55533 /* libsqlite3.tbd */ = {isa = PBXFileReference; lastKnownFileType = "sourcecode.text-based-dylib-definition"; name = libsqlite3.tbd; path = usr/lib/libsqlite3.tbd; sourceTree = SDKROOT; };
		872D3D5E254F5EE000B55533 /* ScheduleGenerator.swift */ = {isa = PBXFileReference; lastKnownFileType = sourcecode.swift; path = ScheduleGenerator.swift; sourceTree = "<group>"; };
		872D3D60254FA38100B55533 /* planit.sqlite */ = {isa = PBXFileReference; lastKnownFileType = file; path = planit.sqlite; sourceTree = "<group>"; };
		873EB61825369EE800327BDC /* CalendarViewController.swift */ = {isa = PBXFileReference; lastKnownFileType = sourcecode.swift; path = CalendarViewController.swift; sourceTree = "<group>"; };
		873EB61A2536B90900327BDC /* TaskViewController.swift */ = {isa = PBXFileReference; lastKnownFileType = sourcecode.swift; path = TaskViewController.swift; sourceTree = "<group>"; };
		C7F0C13FE3BEF96B131F4EDE /* Pods-Planit.debug.xcconfig */ = {isa = PBXFileReference; includeInIndex = 1; lastKnownFileType = text.xcconfig; name = "Pods-Planit.debug.xcconfig"; path = "Target Support Files/Pods-Planit/Pods-Planit.debug.xcconfig"; sourceTree = "<group>"; };
/* End PBXFileReference section */

/* Begin PBXFrameworksBuildPhase section */
		141D5D98253682E4001BC749 /* Frameworks */ = {
			isa = PBXFrameworksBuildPhase;
			buildActionMask = 2147483647;
			files = (
				872D3D5B254E788B00B55533 /* libsqlite3.tbd in Frameworks */,
				B61F01E8A21970B8470F252E /* Pods_Planit.framework in Frameworks */,
			);
			runOnlyForDeploymentPostprocessing = 0;
		};
/* End PBXFrameworksBuildPhase section */

/* Begin PBXGroup section */
		141D5D92253682E3001BC749 = {
			isa = PBXGroup;
			children = (
				141D5D9D253682E4001BC749 /* Planit */,
				141D5D9C253682E4001BC749 /* Products */,
				EF4FA1D7C70FD1F3F70FE6CA /* Pods */,
				618CD4A5F801CB58BF5D1A21 /* Frameworks */,
			);
			sourceTree = "<group>";
		};
		141D5D9C253682E4001BC749 /* Products */ = {
			isa = PBXGroup;
			children = (
				141D5D9B253682E4001BC749 /* Planit.app */,
			);
			name = Products;
			sourceTree = "<group>";
		};
		141D5D9D253682E4001BC749 /* Planit */ = {
			isa = PBXGroup;
			children = (
				141D5D9E253682E4001BC749 /* AppDelegate.swift */,
				141D5DA0253682E4001BC749 /* SceneDelegate.swift */,
				873EB61A2536B90900327BDC /* TaskViewController.swift */,
				141D5DA2253682E4001BC749 /* ViewController.swift */,
				873EB61825369EE800327BDC /* CalendarViewController.swift */,
				141D5DA4253682E4001BC749 /* Main.storyboard */,
				141D5DA7253682E9001BC749 /* Assets.xcassets */,
				141D5DA9253682E9001BC749 /* LaunchScreen.storyboard */,
				141D5DAC253682E9001BC749 /* Info.plist */,
				872D3D55254E77BB00B55533 /* Task.swift */,
				872D3D57254E77EA00B55533 /* DBManager.swift */,
				872D3D59254E785700B55533 /* Bridging-Header.h */,
				872D3D60254FA38100B55533 /* planit.sqlite */,
				872D3D5E254F5EE000B55533 /* ScheduleGenerator.swift */,
				872487F8255C9A1000635206 /* DateCell.swift */,
			);
			path = Planit;
			sourceTree = "<group>";
		};
		618CD4A5F801CB58BF5D1A21 /* Frameworks */ = {
			isa = PBXGroup;
			children = (
				872D3D5A254E788B00B55533 /* libsqlite3.tbd */,
				5BC99677DA06816BED75C167 /* Pods_Planit.framework */,
			);
			name = Frameworks;
			sourceTree = "<group>";
		};
		EF4FA1D7C70FD1F3F70FE6CA /* Pods */ = {
			isa = PBXGroup;
			children = (
				C7F0C13FE3BEF96B131F4EDE /* Pods-Planit.debug.xcconfig */,
				6B014B7C46247D6F0F62CFB7 /* Pods-Planit.release.xcconfig */,
			);
			path = Pods;
			sourceTree = "<group>";
		};
/* End PBXGroup section */

/* Begin PBXNativeTarget section */
		141D5D9A253682E4001BC749 /* Planit */ = {
			isa = PBXNativeTarget;
			buildConfigurationList = 141D5DAF253682E9001BC749 /* Build configuration list for PBXNativeTarget "Planit" */;
			buildPhases = (
				690B0D79454257C46454C5C7 /* [CP] Check Pods Manifest.lock */,
				141D5D97253682E4001BC749 /* Sources */,
				141D5D98253682E4001BC749 /* Frameworks */,
				141D5D99253682E4001BC749 /* Resources */,
				8B75EB3634CF76AF8EFF71D6 /* [CP] Embed Pods Frameworks */,
			);
			buildRules = (
			);
			dependencies = (
			);
			name = Planit;
			productName = Planit;
			productReference = 141D5D9B253682E4001BC749 /* Planit.app */;
			productType = "com.apple.product-type.application";
		};
/* End PBXNativeTarget section */

/* Begin PBXProject section */
		141D5D93253682E3001BC749 /* Project object */ = {
			isa = PBXProject;
			attributes = {
				LastSwiftUpdateCheck = 1160;
				LastUpgradeCheck = 1160;
				ORGANIZATIONNAME = "Pete Walker";
				TargetAttributes = {
					141D5D9A253682E4001BC749 = {
						CreatedOnToolsVersion = 11.6;
					};
				};
			};
			buildConfigurationList = 141D5D96253682E3001BC749 /* Build configuration list for PBXProject "Planit" */;
			compatibilityVersion = "Xcode 9.3";
			developmentRegion = en;
			hasScannedForEncodings = 0;
			knownRegions = (
				en,
				Base,
			);
			mainGroup = 141D5D92253682E3001BC749;
			productRefGroup = 141D5D9C253682E4001BC749 /* Products */;
			projectDirPath = "";
			projectRoot = "";
			targets = (
				141D5D9A253682E4001BC749 /* Planit */,
			);
		};
/* End PBXProject section */

/* Begin PBXResourcesBuildPhase section */
		141D5D99253682E4001BC749 /* Resources */ = {
			isa = PBXResourcesBuildPhase;
			buildActionMask = 2147483647;
			files = (
				141D5DAB253682E9001BC749 /* LaunchScreen.storyboard in Resources */,
				141D5DA8253682E9001BC749 /* Assets.xcassets in Resources */,
				141D5DA6253682E4001BC749 /* Main.storyboard in Resources */,
				872D3D61254FA38100B55533 /* planit.sqlite in Resources */,
			);
			runOnlyForDeploymentPostprocessing = 0;
		};
/* End PBXResourcesBuildPhase section */

/* Begin PBXShellScriptBuildPhase section */
		690B0D79454257C46454C5C7 /* [CP] Check Pods Manifest.lock */ = {
			isa = PBXShellScriptBuildPhase;
			buildActionMask = 2147483647;
			files = (
			);
			inputFileListPaths = (
			);
			inputPaths = (
				"${PODS_PODFILE_DIR_PATH}/Podfile.lock",
				"${PODS_ROOT}/Manifest.lock",
			);
			name = "[CP] Check Pods Manifest.lock";
			outputFileListPaths = (
			);
			outputPaths = (
				"$(DERIVED_FILE_DIR)/Pods-Planit-checkManifestLockResult.txt",
			);
			runOnlyForDeploymentPostprocessing = 0;
			shellPath = /bin/sh;
			shellScript = "diff \"${PODS_PODFILE_DIR_PATH}/Podfile.lock\" \"${PODS_ROOT}/Manifest.lock\" > /dev/null\nif [ $? != 0 ] ; then\n    # print error to STDERR\n    echo \"error: The sandbox is not in sync with the Podfile.lock. Run 'pod install' or update your CocoaPods installation.\" >&2\n    exit 1\nfi\n# This output is used by Xcode 'outputs' to avoid re-running this script phase.\necho \"SUCCESS\" > \"${SCRIPT_OUTPUT_FILE_0}\"\n";
			showEnvVarsInLog = 0;
		};
		8B75EB3634CF76AF8EFF71D6 /* [CP] Embed Pods Frameworks */ = {
			isa = PBXShellScriptBuildPhase;
			buildActionMask = 2147483647;
			files = (
			);
			inputFileListPaths = (
				"${PODS_ROOT}/Target Support Files/Pods-Planit/Pods-Planit-frameworks-${CONFIGURATION}-input-files.xcfilelist",
			);
			name = "[CP] Embed Pods Frameworks";
			outputFileListPaths = (
				"${PODS_ROOT}/Target Support Files/Pods-Planit/Pods-Planit-frameworks-${CONFIGURATION}-output-files.xcfilelist",
			);
			runOnlyForDeploymentPostprocessing = 0;
			shellPath = /bin/sh;
			shellScript = "\"${PODS_ROOT}/Target Support Files/Pods-Planit/Pods-Planit-frameworks.sh\"\n";
			showEnvVarsInLog = 0;
		};
/* End PBXShellScriptBuildPhase section */

/* Begin PBXSourcesBuildPhase section */
		141D5D97253682E4001BC749 /* Sources */ = {
			isa = PBXSourcesBuildPhase;
			buildActionMask = 2147483647;
			files = (
				873EB61925369EE800327BDC /* CalendarViewController.swift in Sources */,
				141D5DA3253682E4001BC749 /* ViewController.swift in Sources */,
				873EB61B2536B90900327BDC /* TaskViewController.swift in Sources */,
				141D5D9F253682E4001BC749 /* AppDelegate.swift in Sources */,
				872487F9255C9A1000635206 /* DateCell.swift in Sources */,
				872D3D56254E77BB00B55533 /* Task.swift in Sources */,
				141D5DA1253682E4001BC749 /* SceneDelegate.swift in Sources */,
				872D3D5F254F5EE000B55533 /* ScheduleGenerator.swift in Sources */,
				872D3D58254E77EA00B55533 /* DBManager.swift in Sources */,
			);
			runOnlyForDeploymentPostprocessing = 0;
		};
/* End PBXSourcesBuildPhase section */

/* Begin PBXVariantGroup section */
		141D5DA4253682E4001BC749 /* Main.storyboard */ = {
			isa = PBXVariantGroup;
			children = (
				141D5DA5253682E4001BC749 /* Base */,
			);
			name = Main.storyboard;
			sourceTree = "<group>";
		};
		141D5DA9253682E9001BC749 /* LaunchScreen.storyboard */ = {
			isa = PBXVariantGroup;
			children = (
				141D5DAA253682E9001BC749 /* Base */,
			);
			name = LaunchScreen.storyboard;
			sourceTree = "<group>";
		};
/* End PBXVariantGroup section */

/* Begin XCBuildConfiguration section */
		141D5DAD253682E9001BC749 /* Debug */ = {
			isa = XCBuildConfiguration;
			buildSettings = {
				ALWAYS_SEARCH_USER_PATHS = NO;
				CLANG_ANALYZER_NONNULL = YES;
				CLANG_ANALYZER_NUMBER_OBJECT_CONVERSION = YES_AGGRESSIVE;
				CLANG_CXX_LANGUAGE_STANDARD = "gnu++14";
				CLANG_CXX_LIBRARY = "libc++";
				CLANG_ENABLE_MODULES = YES;
				CLANG_ENABLE_OBJC_ARC = YES;
				CLANG_ENABLE_OBJC_WEAK = YES;
				CLANG_WARN_BLOCK_CAPTURE_AUTORELEASING = YES;
				CLANG_WARN_BOOL_CONVERSION = YES;
				CLANG_WARN_COMMA = YES;
				CLANG_WARN_CONSTANT_CONVERSION = YES;
				CLANG_WARN_DEPRECATED_OBJC_IMPLEMENTATIONS = YES;
				CLANG_WARN_DIRECT_OBJC_ISA_USAGE = YES_ERROR;
				CLANG_WARN_DOCUMENTATION_COMMENTS = YES;
				CLANG_WARN_EMPTY_BODY = YES;
				CLANG_WARN_ENUM_CONVERSION = YES;
				CLANG_WARN_INFINITE_RECURSION = YES;
				CLANG_WARN_INT_CONVERSION = YES;
				CLANG_WARN_NON_LITERAL_NULL_CONVERSION = YES;
				CLANG_WARN_OBJC_IMPLICIT_RETAIN_SELF = YES;
				CLANG_WARN_OBJC_LITERAL_CONVERSION = YES;
				CLANG_WARN_OBJC_ROOT_CLASS = YES_ERROR;
				CLANG_WARN_RANGE_LOOP_ANALYSIS = YES;
				CLANG_WARN_STRICT_PROTOTYPES = YES;
				CLANG_WARN_SUSPICIOUS_MOVE = YES;
				CLANG_WARN_UNGUARDED_AVAILABILITY = YES_AGGRESSIVE;
				CLANG_WARN_UNREACHABLE_CODE = YES;
				CLANG_WARN__DUPLICATE_METHOD_MATCH = YES;
				COPY_PHASE_STRIP = NO;
				DEBUG_INFORMATION_FORMAT = dwarf;
				ENABLE_STRICT_OBJC_MSGSEND = YES;
				ENABLE_TESTABILITY = YES;
				GCC_C_LANGUAGE_STANDARD = gnu11;
				GCC_DYNAMIC_NO_PIC = NO;
				GCC_NO_COMMON_BLOCKS = YES;
				GCC_OPTIMIZATION_LEVEL = 0;
				GCC_PREPROCESSOR_DEFINITIONS = (
					"DEBUG=1",
					"$(inherited)",
				);
				GCC_WARN_64_TO_32_BIT_CONVERSION = YES;
				GCC_WARN_ABOUT_RETURN_TYPE = YES_ERROR;
				GCC_WARN_UNDECLARED_SELECTOR = YES;
				GCC_WARN_UNINITIALIZED_AUTOS = YES_AGGRESSIVE;
				GCC_WARN_UNUSED_FUNCTION = YES;
				GCC_WARN_UNUSED_VARIABLE = YES;
				IPHONEOS_DEPLOYMENT_TARGET = 13.6;
				MTL_ENABLE_DEBUG_INFO = INCLUDE_SOURCE;
				MTL_FAST_MATH = YES;
				ONLY_ACTIVE_ARCH = YES;
				SDKROOT = iphoneos;
				SWIFT_ACTIVE_COMPILATION_CONDITIONS = DEBUG;
				SWIFT_OPTIMIZATION_LEVEL = "-Onone";
			};
			name = Debug;
		};
		141D5DAE253682E9001BC749 /* Release */ = {
			isa = XCBuildConfiguration;
			buildSettings = {
				ALWAYS_SEARCH_USER_PATHS = NO;
				CLANG_ANALYZER_NONNULL = YES;
				CLANG_ANALYZER_NUMBER_OBJECT_CONVERSION = YES_AGGRESSIVE;
				CLANG_CXX_LANGUAGE_STANDARD = "gnu++14";
				CLANG_CXX_LIBRARY = "libc++";
				CLANG_ENABLE_MODULES = YES;
				CLANG_ENABLE_OBJC_ARC = YES;
				CLANG_ENABLE_OBJC_WEAK = YES;
				CLANG_WARN_BLOCK_CAPTURE_AUTORELEASING = YES;
				CLANG_WARN_BOOL_CONVERSION = YES;
				CLANG_WARN_COMMA = YES;
				CLANG_WARN_CONSTANT_CONVERSION = YES;
				CLANG_WARN_DEPRECATED_OBJC_IMPLEMENTATIONS = YES;
				CLANG_WARN_DIRECT_OBJC_ISA_USAGE = YES_ERROR;
				CLANG_WARN_DOCUMENTATION_COMMENTS = YES;
				CLANG_WARN_EMPTY_BODY = YES;
				CLANG_WARN_ENUM_CONVERSION = YES;
				CLANG_WARN_INFINITE_RECURSION = YES;
				CLANG_WARN_INT_CONVERSION = YES;
				CLANG_WARN_NON_LITERAL_NULL_CONVERSION = YES;
				CLANG_WARN_OBJC_IMPLICIT_RETAIN_SELF = YES;
				CLANG_WARN_OBJC_LITERAL_CONVERSION = YES;
				CLANG_WARN_OBJC_ROOT_CLASS = YES_ERROR;
				CLANG_WARN_RANGE_LOOP_ANALYSIS = YES;
				CLANG_WARN_STRICT_PROTOTYPES = YES;
				CLANG_WARN_SUSPICIOUS_MOVE = YES;
				CLANG_WARN_UNGUARDED_AVAILABILITY = YES_AGGRESSIVE;
				CLANG_WARN_UNREACHABLE_CODE = YES;
				CLANG_WARN__DUPLICATE_METHOD_MATCH = YES;
				COPY_PHASE_STRIP = NO;
				DEBUG_INFORMATION_FORMAT = "dwarf-with-dsym";
				ENABLE_NS_ASSERTIONS = NO;
				ENABLE_STRICT_OBJC_MSGSEND = YES;
				GCC_C_LANGUAGE_STANDARD = gnu11;
				GCC_NO_COMMON_BLOCKS = YES;
				GCC_WARN_64_TO_32_BIT_CONVERSION = YES;
				GCC_WARN_ABOUT_RETURN_TYPE = YES_ERROR;
				GCC_WARN_UNDECLARED_SELECTOR = YES;
				GCC_WARN_UNINITIALIZED_AUTOS = YES_AGGRESSIVE;
				GCC_WARN_UNUSED_FUNCTION = YES;
				GCC_WARN_UNUSED_VARIABLE = YES;
				IPHONEOS_DEPLOYMENT_TARGET = 13.6;
				MTL_ENABLE_DEBUG_INFO = NO;
				MTL_FAST_MATH = YES;
				SDKROOT = iphoneos;
				SWIFT_COMPILATION_MODE = wholemodule;
				SWIFT_OPTIMIZATION_LEVEL = "-O";
				VALIDATE_PRODUCT = YES;
			};
			name = Release;
		};
		141D5DB0253682E9001BC749 /* Debug */ = {
			isa = XCBuildConfiguration;
			baseConfigurationReference = C7F0C13FE3BEF96B131F4EDE /* Pods-Planit.debug.xcconfig */;
			buildSettings = {
				ASSETCATALOG_COMPILER_APPICON_NAME = AppIcon;
				CODE_SIGN_STYLE = Automatic;
				DEVELOPMENT_TEAM = 85D88VJ6CN;
				INFOPLIST_FILE = Planit/Info.plist;
				LD_RUNPATH_SEARCH_PATHS = (
					"$(inherited)",
					"@executable_path/Frameworks",
				);
				PRODUCT_BUNDLE_IDENTIFIER = edu.umass.Planit;
				PRODUCT_NAME = "$(TARGET_NAME)";
				SWIFT_OBJC_BRIDGING_HEADER = "/Users/jiyechoi/Desktop/planit/CS491Planit/Planit/Planit/Bridging-Header.h";
				SWIFT_VERSION = 5.0;
				TARGETED_DEVICE_FAMILY = "1,2";
			};
			name = Debug;
		};
		141D5DB1253682E9001BC749 /* Release */ = {
			isa = XCBuildConfiguration;
			baseConfigurationReference = 6B014B7C46247D6F0F62CFB7 /* Pods-Planit.release.xcconfig */;
			buildSettings = {
				ASSETCATALOG_COMPILER_APPICON_NAME = AppIcon;
				CODE_SIGN_STYLE = Automatic;
				DEVELOPMENT_TEAM = 85D88VJ6CN;
				INFOPLIST_FILE = Planit/Info.plist;
				LD_RUNPATH_SEARCH_PATHS = (
					"$(inherited)",
					"@executable_path/Frameworks",
				);
				PRODUCT_BUNDLE_IDENTIFIER = edu.umass.Planit;
				PRODUCT_NAME = "$(TARGET_NAME)";
				SWIFT_OBJC_BRIDGING_HEADER = "/Users/jiyechoi/Desktop/planit/CS491Planit/Planit/Planit/Bridging-Header.h";
				SWIFT_VERSION = 5.0;
				TARGETED_DEVICE_FAMILY = "1,2";
			};
			name = Release;
		};
/* End XCBuildConfiguration section */

/* Begin XCConfigurationList section */
		141D5D96253682E3001BC749 /* Build configuration list for PBXProject "Planit" */ = {
			isa = XCConfigurationList;
			buildConfigurations = (
				141D5DAD253682E9001BC749 /* Debug */,
				141D5DAE253682E9001BC749 /* Release */,
			);
			defaultConfigurationIsVisible = 0;
			defaultConfigurationName = Release;
		};
		141D5DAF253682E9001BC749 /* Build configuration list for PBXNativeTarget "Planit" */ = {
			isa = XCConfigurationList;
			buildConfigurations = (
				141D5DB0253682E9001BC749 /* Debug */,
				141D5DB1253682E9001BC749 /* Release */,
			);
			defaultConfigurationIsVisible = 0;
			defaultConfigurationName = Release;
		};
/* End XCConfigurationList section */
	};
	rootObject = 141D5D93253682E3001BC749 /* Project object */;
}
